
Microsoft Visual Studio Solution File, Format Version 12.00
# Visual Studio Version 17
VisualStudioVersion = 17.5.002.0
MinimumVisualStudioVersion = 10.0.40219.1
Project("{9A19103F-16F7-4668-BE54-9A1E7A4F7556}") = "Maven_assess", "Maven_assess.csproj", "{584163B8-9C82-477C-8992-657590358354}"
EndProject
Global
	GlobalSection(SolutionConfigurationPlatforms) = preSolution
		Debug|Any CPU = Debug|Any CPU
		Release|Any CPU = Release|Any CPU
	EndGlobalSection
	GlobalSection(ProjectConfigurationPlatforms) = postSolution
		{584163B8-9C82-477C-8992-657590358354}.Debug|Any CPU.ActiveCfg = Debug|Any CPU
		{584163B8-9C82-477C-8992-657590358354}.Debug|Any CPU.Build.0 = Debug|Any CPU
		{584163B8-9C82-477C-8992-657590358354}.Release|Any CPU.ActiveCfg = Release|Any CPU
		{584163B8-9C82-477C-8992-657590358354}.Release|Any CPU.Build.0 = Release|Any CPU
	EndGlobalSection
	GlobalSection(SolutionProperties) = preSolution
		HideSolutionNode = FALSE
	EndGlobalSection
	GlobalSection(ExtensibilityGlobals) = postSolution
		SolutionGuid = {617D1D90-370C-4544-A319-EDBB1769191C}
	EndGlobalSection
EndGlobal
