
Microsoft Visual Studio Solution File, Format Version 12.00
# Visual Studio Version 17
VisualStudioVersion = 17.5.002.0
MinimumVisualStudioVersion = 10.0.40219.1
Project("{9A19103F-16F7-4668-BE54-9A1E7A4F7556}") = "HW_3_4", "HW_3_4.csproj", "{8B0F9A95-4497-4980-AF02-A851F1B16AC4}"
EndProject
Global
	GlobalSection(SolutionConfigurationPlatforms) = preSolution
		Debug|Any CPU = Debug|Any CPU
		Release|Any CPU = Release|Any CPU
	EndGlobalSection
	GlobalSection(ProjectConfigurationPlatforms) = postSolution
		{8B0F9A95-4497-4980-AF02-A851F1B16AC4}.Debug|Any CPU.ActiveCfg = Debug|Any CPU
		{8B0F9A95-4497-4980-AF02-A851F1B16AC4}.Debug|Any CPU.Build.0 = Debug|Any CPU
		{8B0F9A95-4497-4980-AF02-A851F1B16AC4}.Release|Any CPU.ActiveCfg = Release|Any CPU
		{8B0F9A95-4497-4980-AF02-A851F1B16AC4}.Release|Any CPU.Build.0 = Release|Any CPU
	EndGlobalSection
	GlobalSection(SolutionProperties) = preSolution
		HideSolutionNode = FALSE
	EndGlobalSection
	GlobalSection(ExtensibilityGlobals) = postSolution
		SolutionGuid = {82433B0C-CDAE-4449-8CBA-7722A4CBFF40}
	EndGlobalSection
EndGlobal
