
Microsoft Visual Studio Solution File, Format Version 12.00
# Visual Studio Version 17
VisualStudioVersion = 17.5.002.0
MinimumVisualStudioVersion = 10.0.40219.1
Project("{9A19103F-16F7-4668-BE54-9A1E7A4F7556}") = "1007. Minimum Domino Rotations For Equal Row", "1007. Minimum Domino Rotations For Equal Row.csproj", "{7B28485E-511A-4423-BBE3-3E3AAD4834BD}"
EndProject
Global
	GlobalSection(SolutionConfigurationPlatforms) = preSolution
		Debug|Any CPU = Debug|Any CPU
		Release|Any CPU = Release|Any CPU
	EndGlobalSection
	GlobalSection(ProjectConfigurationPlatforms) = postSolution
		{7B28485E-511A-4423-BBE3-3E3AAD4834BD}.Debug|Any CPU.ActiveCfg = Debug|Any CPU
		{7B28485E-511A-4423-BBE3-3E3AAD4834BD}.Debug|Any CPU.Build.0 = Debug|Any CPU
		{7B28485E-511A-4423-BBE3-3E3AAD4834BD}.Release|Any CPU.ActiveCfg = Release|Any CPU
		{7B28485E-511A-4423-BBE3-3E3AAD4834BD}.Release|Any CPU.Build.0 = Release|Any CPU
	EndGlobalSection
	GlobalSection(SolutionProperties) = preSolution
		HideSolutionNode = FALSE
	EndGlobalSection
	GlobalSection(ExtensibilityGlobals) = postSolution
		SolutionGuid = {D6FB374C-57B2-4AE9-8385-9FE9D4A8F30F}
	EndGlobalSection
EndGlobal
